
Microsoft Visual Studio Solution File, Format Version 11.00
# Visual Studio 2010
Project("{FAE04EC0-301F-11D3-BF4B-00C04F79EFBC}") = "Assembly-CSharp", "Assembly-CSharp.csproj", "{D294D330-A77D-0072-E67B-2825CAE76216}"
EndProject
Project("{FAE04EC0-301F-11D3-BF4B-00C04F79EFBC}") = "Assembly-CSharp-Editor", "Assembly-CSharp-Editor.csproj", "{0EB26B98-B40F-C0EB-1020-C3B77C8711A4}"
EndProject
Global
	GlobalSection(SolutionConfigurationPlatforms) = preSolution
		Debug|Any CPU = Debug|Any CPU
		Release|Any CPU = Release|Any CPU
	EndGlobalSection
	GlobalSection(ProjectConfigurationPlatforms) = postSolution
		{D294D330-A77D-0072-E67B-2825CAE76216}.Debug|Any CPU.ActiveCfg = Debug|Any CPU
		{D294D330-A77D-0072-E67B-2825CAE76216}.Debug|Any CPU.Build.0 = Debug|Any CPU
		{D294D330-A77D-0072-E67B-2825CAE76216}.Release|Any CPU.ActiveCfg = Release|Any CPU
		{D294D330-A77D-0072-E67B-2825CAE76216}.Release|Any CPU.Build.0 = Release|Any CPU
		{0EB26B98-B40F-C0EB-1020-C3B77C8711A4}.Debug|Any CPU.ActiveCfg = Debug|Any CPU
		{0EB26B98-B40F-C0EB-1020-C3B77C8711A4}.Debug|Any CPU.Build.0 = Debug|Any CPU
		{0EB26B98-B40F-C0EB-1020-C3B77C8711A4}.Release|Any CPU.ActiveCfg = Release|Any CPU
		{0EB26B98-B40F-C0EB-1020-C3B77C8711A4}.Release|Any CPU.Build.0 = Release|Any CPU
	EndGlobalSection
	GlobalSection(SolutionProperties) = preSolution
		HideSolutionNode = FALSE
	EndGlobalSection
EndGlobal
